
Microsoft Visual Studio Solution File, Format Version 12.00
# Visual Studio 15
VisualStudioVersion = 15.0.27130.0
MinimumVisualStudioVersion = 10.0.40219.1
Project("{FAE04EC0-301F-11D3-BF4B-00C04F79EFBC}") = "Firma", "Firma\Firma.csproj", "{B06744AC-08F5-4494-B839-AF939272D7A6}"
EndProject
Project("{FAE04EC0-301F-11D3-BF4B-00C04F79EFBC}") = "Firma.DAL", "Firma.DAL\Firma.DAL.csproj", "{60BABF10-8F4F-4C64-AFBB-4435E2A495BC}"
EndProject
Global
	GlobalSection(SolutionConfigurationPlatforms) = preSolution
		Debug|Any CPU = Debug|Any CPU
		Debug|ARM = Debug|ARM
		Debug|x64 = Debug|x64
		Debug|x86 = Debug|x86
		Release|Any CPU = Release|Any CPU
		Release|ARM = Release|ARM
		Release|x64 = Release|x64
		Release|x86 = Release|x86
	EndGlobalSection
	GlobalSection(ProjectConfigurationPlatforms) = postSolution
		{B06744AC-08F5-4494-B839-AF939272D7A6}.Debug|Any CPU.ActiveCfg = Debug|x86
		{B06744AC-08F5-4494-B839-AF939272D7A6}.Debug|ARM.ActiveCfg = Debug|ARM
		{B06744AC-08F5-4494-B839-AF939272D7A6}.Debug|ARM.Build.0 = Debug|ARM
		{B06744AC-08F5-4494-B839-AF939272D7A6}.Debug|ARM.Deploy.0 = Debug|ARM
		{B06744AC-08F5-4494-B839-AF939272D7A6}.Debug|x64.ActiveCfg = Debug|x64
		{B06744AC-08F5-4494-B839-AF939272D7A6}.Debug|x64.Build.0 = Debug|x64
		{B06744AC-08F5-4494-B839-AF939272D7A6}.Debug|x64.Deploy.0 = Debug|x64
		{B06744AC-08F5-4494-B839-AF939272D7A6}.Debug|x86.ActiveCfg = Debug|x86
		{B06744AC-08F5-4494-B839-AF939272D7A6}.Debug|x86.Build.0 = Debug|x86
		{B06744AC-08F5-4494-B839-AF939272D7A6}.Debug|x86.Deploy.0 = Debug|x86
		{B06744AC-08F5-4494-B839-AF939272D7A6}.Release|Any CPU.ActiveCfg = Release|x86
		{B06744AC-08F5-4494-B839-AF939272D7A6}.Release|ARM.ActiveCfg = Release|ARM
		{B06744AC-08F5-4494-B839-AF939272D7A6}.Release|ARM.Build.0 = Release|ARM
		{B06744AC-08F5-4494-B839-AF939272D7A6}.Release|ARM.Deploy.0 = Release|ARM
		{B06744AC-08F5-4494-B839-AF939272D7A6}.Release|x64.ActiveCfg = Release|x64
		{B06744AC-08F5-4494-B839-AF939272D7A6}.Release|x64.Build.0 = Release|x64
		{B06744AC-08F5-4494-B839-AF939272D7A6}.Release|x64.Deploy.0 = Release|x64
		{B06744AC-08F5-4494-B839-AF939272D7A6}.Release|x86.ActiveCfg = Release|x86
		{B06744AC-08F5-4494-B839-AF939272D7A6}.Release|x86.Build.0 = Release|x86
		{B06744AC-08F5-4494-B839-AF939272D7A6}.Release|x86.Deploy.0 = Release|x86
		{60BABF10-8F4F-4C64-AFBB-4435E2A495BC}.Debug|Any CPU.ActiveCfg = Debug|Any CPU
		{60BABF10-8F4F-4C64-AFBB-4435E2A495BC}.Debug|Any CPU.Build.0 = Debug|Any CPU
		{60BABF10-8F4F-4C64-AFBB-4435E2A495BC}.Debug|ARM.ActiveCfg = Debug|ARM
		{60BABF10-8F4F-4C64-AFBB-4435E2A495BC}.Debug|ARM.Build.0 = Debug|ARM
		{60BABF10-8F4F-4C64-AFBB-4435E2A495BC}.Debug|x64.ActiveCfg = Debug|x64
		{60BABF10-8F4F-4C64-AFBB-4435E2A495BC}.Debug|x64.Build.0 = Debug|x64
		{60BABF10-8F4F-4C64-AFBB-4435E2A495BC}.Debug|x86.ActiveCfg = Debug|x86
		{60BABF10-8F4F-4C64-AFBB-4435E2A495BC}.Debug|x86.Build.0 = Debug|x86
		{60BABF10-8F4F-4C64-AFBB-4435E2A495BC}.Release|Any CPU.ActiveCfg = Release|Any CPU
		{60BABF10-8F4F-4C64-AFBB-4435E2A495BC}.Release|Any CPU.Build.0 = Release|Any CPU
		{60BABF10-8F4F-4C64-AFBB-4435E2A495BC}.Release|ARM.ActiveCfg = Release|ARM
		{60BABF10-8F4F-4C64-AFBB-4435E2A495BC}.Release|ARM.Build.0 = Release|ARM
		{60BABF10-8F4F-4C64-AFBB-4435E2A495BC}.Release|x64.ActiveCfg = Release|x64
		{60BABF10-8F4F-4C64-AFBB-4435E2A495BC}.Release|x64.Build.0 = Release|x64
		{60BABF10-8F4F-4C64-AFBB-4435E2A495BC}.Release|x86.ActiveCfg = Release|x86
		{60BABF10-8F4F-4C64-AFBB-4435E2A495BC}.Release|x86.Build.0 = Release|x86
	EndGlobalSection
	GlobalSection(SolutionProperties) = preSolution
		HideSolutionNode = FALSE
	EndGlobalSection
	GlobalSection(ExtensibilityGlobals) = postSolution
		SolutionGuid = {C552EC7F-84C5-47B5-9C36-A6DEDB9B44A7}
	EndGlobalSection
EndGlobal
